
Microsoft Visual Studio Solution File, Format Version 12.00
# Visual Studio Version 16
VisualStudioVersion = 16.0.30204.135
MinimumVisualStudioVersion = 10.0.40219.1
Project("{FAE04EC0-301F-11D3-BF4B-00C04F79EFBC}") = "handson1", "handson1.csproj", "{AEDA16C8-4600-4E6A-A7D4-4622828ED0F2}"
EndProject
Global
	GlobalSection(SolutionConfigurationPlatforms) = preSolution
		Debug|Any CPU = Debug|Any CPU
		Release|Any CPU = Release|Any CPU
	EndGlobalSection
	GlobalSection(ProjectConfigurationPlatforms) = postSolution
		{AEDA16C8-4600-4E6A-A7D4-4622828ED0F2}.Debug|Any CPU.ActiveCfg = Debug|Any CPU
		{AEDA16C8-4600-4E6A-A7D4-4622828ED0F2}.Debug|Any CPU.Build.0 = Debug|Any CPU
		{AEDA16C8-4600-4E6A-A7D4-4622828ED0F2}.Release|Any CPU.ActiveCfg = Release|Any CPU
		{AEDA16C8-4600-4E6A-A7D4-4622828ED0F2}.Release|Any CPU.Build.0 = Release|Any CPU
	EndGlobalSection
	GlobalSection(SolutionProperties) = preSolution
		HideSolutionNode = FALSE
	EndGlobalSection
	GlobalSection(ExtensibilityGlobals) = postSolution
		SolutionGuid = {CCB1611E-EDDA-4E6E-AF70-DA4EF036AB19}
	EndGlobalSection
EndGlobal
