
Microsoft Visual Studio Solution File, Format Version 12.00
# Visual Studio Version 16
VisualStudioVersion = 16.0.30204.135
MinimumVisualStudioVersion = 10.0.40219.1
Project("{FAE04EC0-301F-11D3-BF4B-00C04F79EFBC}") = "handson4", "handson4.csproj", "{F3CC1A8E-AA40-4FDF-8668-92FFFBB8E038}"
EndProject
Global
	GlobalSection(SolutionConfigurationPlatforms) = preSolution
		Debug|Any CPU = Debug|Any CPU
		Release|Any CPU = Release|Any CPU
	EndGlobalSection
	GlobalSection(ProjectConfigurationPlatforms) = postSolution
		{F3CC1A8E-AA40-4FDF-8668-92FFFBB8E038}.Debug|Any CPU.ActiveCfg = Debug|Any CPU
		{F3CC1A8E-AA40-4FDF-8668-92FFFBB8E038}.Debug|Any CPU.Build.0 = Debug|Any CPU
		{F3CC1A8E-AA40-4FDF-8668-92FFFBB8E038}.Release|Any CPU.ActiveCfg = Release|Any CPU
		{F3CC1A8E-AA40-4FDF-8668-92FFFBB8E038}.Release|Any CPU.Build.0 = Release|Any CPU
	EndGlobalSection
	GlobalSection(SolutionProperties) = preSolution
		HideSolutionNode = FALSE
	EndGlobalSection
	GlobalSection(ExtensibilityGlobals) = postSolution
		SolutionGuid = {95606DF8-5B6F-4EB3-85DD-F2B36A4221AF}
	EndGlobalSection
EndGlobal
